{
  "originHash" : "2d6c8f9a49998eeeee25872d971d637bcc871153998138008826624e814a9650",
  "pins" : [
    {
      "identity" : "principle",
      "kind" : "remoteSourceControl",
      "location" : "https://github.com/NSFatalError/Principle",
      "state" : {
        "revision" : "b7b16cbd21972a675a3543bae2f37aa323dd786b",
        "version" : "1.0.3"
      }
    },
    {
      "identity" : "principlemacros",
      "kind" : "remoteSourceControl",
      "location" : "https://github.com/NSFatalError/PrincipleMacros",
      "state" : {
        "revision" : "b2671db08bc28ee2336bd33517a524de4abeb92a",
        "version" : "1.0.6"
      }
    },
    {
      "identity" : "swift-syntax",
      "kind" : "remoteSourceControl",
      "location" : "https://github.com/swiftlang/swift-syntax",
      "state" : {
        "revision" : "f99ae8aa18f0cf0d53481901f88a0991dc3bd4a2",
        "version" : "601.0.1"
      }
    }
  ],
  "version" : 3
}
